// !$*UTF8*$!
{
	archiveVersion = 1;
	classes = {
	};
	objectVersion = 46;
	objects = {

/* Begin PBXBuildFile section */
		CD044F8D1A2AD47F00EFE5EA /* AlertManager.swift in Sources */ = {isa = PBXBuildFile; fileRef = CD044F8C1A2AD47F00EFE5EA /* AlertManager.swift */; };
		CD044F8F1A2ADEF100EFE5EA /* SignUpViewController.swift in Sources */ = {isa = PBXBuildFile; fileRef = CD044F8E1A2ADEF100EFE5EA /* SignUpViewController.swift */; };
		CD044F911A2AE79400EFE5EA /* NavigationViewController.swift in Sources */ = {isa = PBXBuildFile; fileRef = CD044F901A2AE79400EFE5EA /* NavigationViewController.swift */; };
		CD06A7411AC6732200E5E62D /* Accounts.swift in Sources */ = {isa = PBXBuildFile; fileRef = CD06A7401AC6732200E5E62D /* Accounts.swift */; };
		CD06A7441AC68E9800E5E62D /* AccountNavigationController.swift in Sources */ = {isa = PBXBuildFile; fileRef = CD06A7431AC68E9800E5E62D /* AccountNavigationController.swift */; };
		CD2701FD1AC7DA5F00CF4244 /* AccountsListTableViewController.swift in Sources */ = {isa = PBXBuildFile; fileRef = CD2701FC1AC7DA5F00CF4244 /* AccountsListTableViewController.swift */; };
		CD484DCA1A204DD200702357 /* AppDelegate.swift in Sources */ = {isa = PBXBuildFile; fileRef = CD484DC91A204DD200702357 /* AppDelegate.swift */; };
		CD484DCD1A204DD200702357 /* MyLedger.xcdatamodeld in Sources */ = {isa = PBXBuildFile; fileRef = CD484DCB1A204DD200702357 /* MyLedger.xcdatamodeld */; };
		CD484DD21A204DD200702357 /* Main.storyboard in Resources */ = {isa = PBXBuildFile; fileRef = CD484DD01A204DD200702357 /* Main.storyboard */; };
		CD484DD41A204DD200702357 /* Images.xcassets in Resources */ = {isa = PBXBuildFile; fileRef = CD484DD31A204DD200702357 /* Images.xcassets */; };
		CD484DD71A204DD200702357 /* LaunchScreen.xib in Resources */ = {isa = PBXBuildFile; fileRef = CD484DD51A204DD200702357 /* LaunchScreen.xib */; };
		CD484DE31A204DD200702357 /* MyLedgerTests.swift in Sources */ = {isa = PBXBuildFile; fileRef = CD484DE21A204DD200702357 /* MyLedgerTests.swift */; };
		CD484DED1A2066C600702357 /* LoginViewController.swift in Sources */ = {isa = PBXBuildFile; fileRef = CD484DEC1A2066C600702357 /* LoginViewController.swift */; };
		CD4C784D1A2C3F1B00C7260C /* MainViewController.swift in Sources */ = {isa = PBXBuildFile; fileRef = CD4C784C1A2C3F1B00C7260C /* MainViewController.swift */; };
		CD4C78511A2C70B000C7260C /* AccountTypesTableViewController.swift in Sources */ = {isa = PBXBuildFile; fileRef = CD4C78501A2C70B000C7260C /* AccountTypesTableViewController.swift */; };
		CD4C78831A2C7F6900C7260C /* ACTypesViewController.swift in Sources */ = {isa = PBXBuildFile; fileRef = CD4C78821A2C7F6900C7260C /* ACTypesViewController.swift */; };
		CD4C78851A2C841B00C7260C /* ACTypeAddViewController.swift in Sources */ = {isa = PBXBuildFile; fileRef = CD4C78841A2C841B00C7260C /* ACTypeAddViewController.swift */; };
		CD6A71D41AC693440031A306 /* AccountsTableViewController.swift in Sources */ = {isa = PBXBuildFile; fileRef = CD6A71D31AC693440031A306 /* AccountsTableViewController.swift */; };
		CD785C621AB8256D0061F016 /* Accounttypes.swift in Sources */ = {isa = PBXBuildFile; fileRef = CD785C611AB8256D0061F016 /* Accounttypes.swift */; };
		CDA4A5DB1AC7FADF00E3C834 /* AccountAddViewController.swift in Sources */ = {isa = PBXBuildFile; fileRef = CDA4A5DA1AC7FADF00E3C834 /* AccountAddViewController.swift */; };
		CDB286371AB598C900DE4A43 /* DVSync.swift in Sources */ = {isa = PBXBuildFile; fileRef = CDB286361AB598C900DE4A43 /* DVSync.swift */; };
		CDCACFCB1A2DDBCB0071CD4F /* SideBar.swift in Sources */ = {isa = PBXBuildFile; fileRef = CDCACFC91A2DDBCB0071CD4F /* SideBar.swift */; };
		CDCACFCC1A2DDBCB0071CD4F /* SideBarTableViewController.swift in Sources */ = {isa = PBXBuildFile; fileRef = CDCACFCA1A2DDBCB0071CD4F /* SideBarTableViewController.swift */; };
		CDDC0BA31AAD70CA00239B2C /* CoreDataHelper.swift in Sources */ = {isa = PBXBuildFile; fileRef = CDDC0BA21AAD70CA00239B2C /* CoreDataHelper.swift */; };
		CDE3F40A1A245FF100EBAC2D /* SwiftyJSON.swift in Sources */ = {isa = PBXBuildFile; fileRef = CDE3F4091A245FF100EBAC2D /* SwiftyJSON.swift */; };
		CDE3F40C1A2461AE00EBAC2D /* DataManager.swift in Sources */ = {isa = PBXBuildFile; fileRef = CDE3F40B1A2461AE00EBAC2D /* DataManager.swift */; };
		CDE3F40E1A246A3400EBAC2D /* UIActivityView.swift in Sources */ = {isa = PBXBuildFile; fileRef = CDE3F40D1A246A3400EBAC2D /* UIActivityView.swift */; };
		CDEFD3201A2D901200A51C74 /* ACTypesListTableViewController.swift in Sources */ = {isa = PBXBuildFile; fileRef = CDEFD31F1A2D901200A51C74 /* ACTypesListTableViewController.swift */; };
		CDF9BA6A1AAF01C6002D97D8 /* DVDateFormatter.swift in Sources */ = {isa = PBXBuildFile; fileRef = CDF9BA691AAF01C6002D97D8 /* DVDateFormatter.swift */; };
/* End PBXBuildFile section */

/* Begin PBXContainerItemProxy section */
		CD484DDD1A204DD200702357 /* PBXContainerItemProxy */ = {
			isa = PBXContainerItemProxy;
			containerPortal = CD484DBC1A204DD200702357 /* Project object */;
			proxyType = 1;
			remoteGlobalIDString = CD484DC31A204DD200702357;
			remoteInfo = MyLedger;
		};
/* End PBXContainerItemProxy section */

/* Begin PBXFileReference section */
		CD044F8C1A2AD47F00EFE5EA /* AlertManager.swift */ = {isa = PBXFileReference; fileEncoding = 4; lastKnownFileType = sourcecode.swift; path = AlertManager.swift; sourceTree = "<group>"; };
		CD044F8E1A2ADEF100EFE5EA /* SignUpViewController.swift */ = {isa = PBXFileReference; fileEncoding = 4; lastKnownFileType = sourcecode.swift; path = SignUpViewController.swift; sourceTree = "<group>"; };
		CD044F901A2AE79400EFE5EA /* NavigationViewController.swift */ = {isa = PBXFileReference; fileEncoding = 4; lastKnownFileType = sourcecode.swift; path = NavigationViewController.swift; sourceTree = "<group>"; };
		CD06A7401AC6732200E5E62D /* Accounts.swift */ = {isa = PBXFileReference; fileEncoding = 4; lastKnownFileType = sourcecode.swift; path = Accounts.swift; sourceTree = "<group>"; };
		CD06A7431AC68E9800E5E62D /* AccountNavigationController.swift */ = {isa = PBXFileReference; fileEncoding = 4; lastKnownFileType = sourcecode.swift; path = AccountNavigationController.swift; sourceTree = "<group>"; };
		CD2701FC1AC7DA5F00CF4244 /* AccountsListTableViewController.swift */ = {isa = PBXFileReference; fileEncoding = 4; lastKnownFileType = sourcecode.swift; path = AccountsListTableViewController.swift; sourceTree = "<group>"; };
		CD484DC41A204DD200702357 /* MyLedger.app */ = {isa = PBXFileReference; explicitFileType = wrapper.application; includeInIndex = 0; path = MyLedger.app; sourceTree = BUILT_PRODUCTS_DIR; };
		CD484DC81A204DD200702357 /* Info.plist */ = {isa = PBXFileReference; lastKnownFileType = text.plist.xml; path = Info.plist; sourceTree = "<group>"; };
		CD484DC91A204DD200702357 /* AppDelegate.swift */ = {isa = PBXFileReference; lastKnownFileType = sourcecode.swift; path = AppDelegate.swift; sourceTree = "<group>"; };
		CD484DCC1A204DD200702357 /* MyLedger.xcdatamodel */ = {isa = PBXFileReference; lastKnownFileType = wrapper.xcdatamodel; path = MyLedger.xcdatamodel; sourceTree = "<group>"; };
		CD484DD11A204DD200702357 /* Base */ = {isa = PBXFileReference; lastKnownFileType = file.storyboard; name = Base; path = Base.lproj/Main.storyboard; sourceTree = "<group>"; };
		CD484DD31A204DD200702357 /* Images.xcassets */ = {isa = PBXFileReference; lastKnownFileType = folder.assetcatalog; path = Images.xcassets; sourceTree = "<group>"; };
		CD484DD61A204DD200702357 /* Base */ = {isa = PBXFileReference; lastKnownFileType = file.xib; name = Base; path = Base.lproj/LaunchScreen.xib; sourceTree = "<group>"; };
		CD484DDC1A204DD200702357 /* MyLedgerTests.xctest */ = {isa = PBXFileReference; explicitFileType = wrapper.cfbundle; includeInIndex = 0; path = MyLedgerTests.xctest; sourceTree = BUILT_PRODUCTS_DIR; };
		CD484DE11A204DD200702357 /* Info.plist */ = {isa = PBXFileReference; lastKnownFileType = text.plist.xml; path = Info.plist; sourceTree = "<group>"; };
		CD484DE21A204DD200702357 /* MyLedgerTests.swift */ = {isa = PBXFileReference; lastKnownFileType = sourcecode.swift; path = MyLedgerTests.swift; sourceTree = "<group>"; };
		CD484DEC1A2066C600702357 /* LoginViewController.swift */ = {isa = PBXFileReference; fileEncoding = 4; lastKnownFileType = sourcecode.swift; path = LoginViewController.swift; sourceTree = "<group>"; };
		CD4C784C1A2C3F1B00C7260C /* MainViewController.swift */ = {isa = PBXFileReference; fileEncoding = 4; lastKnownFileType = sourcecode.swift; path = MainViewController.swift; sourceTree = "<group>"; };
		CD4C78501A2C70B000C7260C /* AccountTypesTableViewController.swift */ = {isa = PBXFileReference; fileEncoding = 4; lastKnownFileType = sourcecode.swift; path = AccountTypesTableViewController.swift; sourceTree = "<group>"; };
		CD4C78821A2C7F6900C7260C /* ACTypesViewController.swift */ = {isa = PBXFileReference; fileEncoding = 4; lastKnownFileType = sourcecode.swift; path = ACTypesViewController.swift; sourceTree = "<group>"; };
		CD4C78841A2C841B00C7260C /* ACTypeAddViewController.swift */ = {isa = PBXFileReference; fileEncoding = 4; lastKnownFileType = sourcecode.swift; path = ACTypeAddViewController.swift; sourceTree = "<group>"; };
		CD6A71D31AC693440031A306 /* AccountsTableViewController.swift */ = {isa = PBXFileReference; fileEncoding = 4; lastKnownFileType = sourcecode.swift; path = AccountsTableViewController.swift; sourceTree = "<group>"; };
		CD785C611AB8256D0061F016 /* Accounttypes.swift */ = {isa = PBXFileReference; fileEncoding = 4; lastKnownFileType = sourcecode.swift; path = Accounttypes.swift; sourceTree = "<group>"; };
		CDA4A5DA1AC7FADF00E3C834 /* AccountAddViewController.swift */ = {isa = PBXFileReference; fileEncoding = 4; lastKnownFileType = sourcecode.swift; path = AccountAddViewController.swift; sourceTree = "<group>"; };
		CDB286361AB598C900DE4A43 /* DVSync.swift */ = {isa = PBXFileReference; fileEncoding = 4; lastKnownFileType = sourcecode.swift; path = DVSync.swift; sourceTree = "<group>"; };
		CDCACFC91A2DDBCB0071CD4F /* SideBar.swift */ = {isa = PBXFileReference; fileEncoding = 4; lastKnownFileType = sourcecode.swift; path = SideBar.swift; sourceTree = "<group>"; };
		CDCACFCA1A2DDBCB0071CD4F /* SideBarTableViewController.swift */ = {isa = PBXFileReference; fileEncoding = 4; lastKnownFileType = sourcecode.swift; path = SideBarTableViewController.swift; sourceTree = "<group>"; };
		CDDC0BA21AAD70CA00239B2C /* CoreDataHelper.swift */ = {isa = PBXFileReference; fileEncoding = 4; lastKnownFileType = sourcecode.swift; path = CoreDataHelper.swift; sourceTree = "<group>"; };
		CDE3F4091A245FF100EBAC2D /* SwiftyJSON.swift */ = {isa = PBXFileReference; fileEncoding = 4; lastKnownFileType = sourcecode.swift; path = SwiftyJSON.swift; sourceTree = "<group>"; };
		CDE3F40B1A2461AE00EBAC2D /* DataManager.swift */ = {isa = PBXFileReference; fileEncoding = 4; lastKnownFileType = sourcecode.swift; path = DataManager.swift; sourceTree = "<group>"; };
		CDE3F40D1A246A3400EBAC2D /* UIActivityView.swift */ = {isa = PBXFileReference; fileEncoding = 4; lastKnownFileType = sourcecode.swift; path = UIActivityView.swift; sourceTree = "<group>"; };
		CDEFD31F1A2D901200A51C74 /* ACTypesListTableViewController.swift */ = {isa = PBXFileReference; fileEncoding = 4; lastKnownFileType = sourcecode.swift; path = ACTypesListTableViewController.swift; sourceTree = "<group>"; };
		CDF9BA691AAF01C6002D97D8 /* DVDateFormatter.swift */ = {isa = PBXFileReference; fileEncoding = 4; lastKnownFileType = sourcecode.swift; path = DVDateFormatter.swift; sourceTree = "<group>"; };
/* End PBXFileReference section */

/* Begin PBXFrameworksBuildPhase section */
		CD484DC11A204DD200702357 /* Frameworks */ = {
			isa = PBXFrameworksBuildPhase;
			buildActionMask = 2147483647;
			files = (
			);
			runOnlyForDeploymentPostprocessing = 0;
		};
		CD484DD91A204DD200702357 /* Frameworks */ = {
			isa = PBXFrameworksBuildPhase;
			buildActionMask = 2147483647;
			files = (
			);
			runOnlyForDeploymentPostprocessing = 0;
		};
/* End PBXFrameworksBuildPhase section */

/* Begin PBXGroup section */
		CD06A7421AC68E4C00E5E62D /* Acount Controllers */ = {
			isa = PBXGroup;
			children = (
				CD06A7431AC68E9800E5E62D /* AccountNavigationController.swift */,
				CD6A71D31AC693440031A306 /* AccountsTableViewController.swift */,
				CD2701FC1AC7DA5F00CF4244 /* AccountsListTableViewController.swift */,
				CDA4A5DA1AC7FADF00E3C834 /* AccountAddViewController.swift */,
			);
			name = "Acount Controllers";
			sourceTree = "<group>";
		};
		CD484DBB1A204DD200702357 = {
			isa = PBXGroup;
			children = (
				CD484DC61A204DD200702357 /* MyLedger */,
				CD484DDF1A204DD200702357 /* MyLedgerTests */,
				CD484DC51A204DD200702357 /* Products */,
			);
			sourceTree = "<group>";
		};
		CD484DC51A204DD200702357 /* Products */ = {
			isa = PBXGroup;
			children = (
				CD484DC41A204DD200702357 /* MyLedger.app */,
				CD484DDC1A204DD200702357 /* MyLedgerTests.xctest */,
			);
			name = Products;
			sourceTree = "<group>";
		};
		CD484DC61A204DD200702357 /* MyLedger */ = {
			isa = PBXGroup;
			children = (
				CD484DC91A204DD200702357 /* AppDelegate.swift */,
				CDEFD31C1A2D8ECF00A51C74 /* Helper Files */,
				CDEFD31D1A2D8F0100A51C74 /* LoginSignup Controllers */,
				CD4C784C1A2C3F1B00C7260C /* MainViewController.swift */,
				CD06A7421AC68E4C00E5E62D /* Acount Controllers */,
				CDEFD31E1A2D8F3200A51C74 /* ACTypes Controllers */,
				CD484DD01A204DD200702357 /* Main.storyboard */,
				CD484DD31A204DD200702357 /* Images.xcassets */,
				CD484DD51A204DD200702357 /* LaunchScreen.xib */,
				CDDC0BA11AAD708800239B2C /* CoreData */,
				CD484DC71A204DD200702357 /* Supporting Files */,
			);
			path = MyLedger;
			sourceTree = "<group>";
		};
		CD484DC71A204DD200702357 /* Supporting Files */ = {
			isa = PBXGroup;
			children = (
				CD484DC81A204DD200702357 /* Info.plist */,
			);
			name = "Supporting Files";
			sourceTree = "<group>";
		};
		CD484DDF1A204DD200702357 /* MyLedgerTests */ = {
			isa = PBXGroup;
			children = (
				CD484DE21A204DD200702357 /* MyLedgerTests.swift */,
				CD484DE01A204DD200702357 /* Supporting Files */,
			);
			path = MyLedgerTests;
			sourceTree = "<group>";
		};
		CD484DE01A204DD200702357 /* Supporting Files */ = {
			isa = PBXGroup;
			children = (
				CD484DE11A204DD200702357 /* Info.plist */,
			);
			name = "Supporting Files";
			sourceTree = "<group>";
		};
		CDDC0BA11AAD708800239B2C /* CoreData */ = {
			isa = PBXGroup;
			children = (
				CD484DCB1A204DD200702357 /* MyLedger.xcdatamodeld */,
				CD06A7401AC6732200E5E62D /* Accounts.swift */,
				CD785C611AB8256D0061F016 /* Accounttypes.swift */,
			);
			name = CoreData;
			sourceTree = "<group>";
		};
		CDEFD31C1A2D8ECF00A51C74 /* Helper Files */ = {
			isa = PBXGroup;
			children = (
				CDDC0BA21AAD70CA00239B2C /* CoreDataHelper.swift */,
				CDCACFC91A2DDBCB0071CD4F /* SideBar.swift */,
				CDCACFCA1A2DDBCB0071CD4F /* SideBarTableViewController.swift */,
				CDE3F40D1A246A3400EBAC2D /* UIActivityView.swift */,
				CDE3F40B1A2461AE00EBAC2D /* DataManager.swift */,
				CD044F8C1A2AD47F00EFE5EA /* AlertManager.swift */,
				CDE3F4091A245FF100EBAC2D /* SwiftyJSON.swift */,
				CDF9BA691AAF01C6002D97D8 /* DVDateFormatter.swift */,
				CDB286361AB598C900DE4A43 /* DVSync.swift */,
			);
			name = "Helper Files";
			sourceTree = "<group>";
		};
		CDEFD31D1A2D8F0100A51C74 /* LoginSignup Controllers */ = {
			isa = PBXGroup;
			children = (
				CD044F901A2AE79400EFE5EA /* NavigationViewController.swift */,
				CD484DEC1A2066C600702357 /* LoginViewController.swift */,
				CD044F8E1A2ADEF100EFE5EA /* SignUpViewController.swift */,
			);
			name = "LoginSignup Controllers";
			sourceTree = "<group>";
		};
		CDEFD31E1A2D8F3200A51C74 /* ACTypes Controllers */ = {
			isa = PBXGroup;
			children = (
				CD4C78821A2C7F6900C7260C /* ACTypesViewController.swift */,
				CD4C78501A2C70B000C7260C /* AccountTypesTableViewController.swift */,
				CD4C78841A2C841B00C7260C /* ACTypeAddViewController.swift */,
				CDEFD31F1A2D901200A51C74 /* ACTypesListTableViewController.swift */,
			);
			name = "ACTypes Controllers";
			sourceTree = "<group>";
		};
/* End PBXGroup section */

/* Begin PBXNativeTarget section */
		CD484DC31A204DD200702357 /* MyLedger */ = {
			isa = PBXNativeTarget;
			buildConfigurationList = CD484DE61A204DD200702357 /* Build configuration list for PBXNativeTarget "MyLedger" */;
			buildPhases = (
				CD484DC01A204DD200702357 /* Sources */,
				CD484DC11A204DD200702357 /* Frameworks */,
				CD484DC21A204DD200702357 /* Resources */,
			);
			buildRules = (
			);
			dependencies = (
			);
			name = MyLedger;
			productName = MyLedger;
			productReference = CD484DC41A204DD200702357 /* MyLedger.app */;
			productType = "com.apple.product-type.application";
		};
		CD484DDB1A204DD200702357 /* MyLedgerTests */ = {
			isa = PBXNativeTarget;
			buildConfigurationList = CD484DE91A204DD200702357 /* Build configuration list for PBXNativeTarget "MyLedgerTests" */;
			buildPhases = (
				CD484DD81A204DD200702357 /* Sources */,
				CD484DD91A204DD200702357 /* Frameworks */,
				CD484DDA1A204DD200702357 /* Resources */,
			);
			buildRules = (
			);
			dependencies = (
				CD484DDE1A204DD200702357 /* PBXTargetDependency */,
			);
			name = MyLedgerTests;
			productName = MyLedgerTests;
			productReference = CD484DDC1A204DD200702357 /* MyLedgerTests.xctest */;
			productType = "com.apple.product-type.bundle.unit-test";
		};
/* End PBXNativeTarget section */

/* Begin PBXProject section */
		CD484DBC1A204DD200702357 /* Project object */ = {
			isa = PBXProject;
			attributes = {
				LastUpgradeCheck = 0610;
				ORGANIZATIONNAME = "Moin Uddin";
				TargetAttributes = {
					CD484DC31A204DD200702357 = {
						CreatedOnToolsVersion = 6.1;
					};
					CD484DDB1A204DD200702357 = {
						CreatedOnToolsVersion = 6.1;
						TestTargetID = CD484DC31A204DD200702357;
					};
				};
			};
			buildConfigurationList = CD484DBF1A204DD200702357 /* Build configuration list for PBXProject "MyLedger" */;
			compatibilityVersion = "Xcode 3.2";
			developmentRegion = English;
			hasScannedForEncodings = 0;
			knownRegions = (
				en,
				Base,
			);
			mainGroup = CD484DBB1A204DD200702357;
			productRefGroup = CD484DC51A204DD200702357 /* Products */;
			projectDirPath = "";
			projectRoot = "";
			targets = (
				CD484DC31A204DD200702357 /* MyLedger */,
				CD484DDB1A204DD200702357 /* MyLedgerTests */,
			);
		};
/* End PBXProject section */

/* Begin PBXResourcesBuildPhase section */
		CD484DC21A204DD200702357 /* Resources */ = {
			isa = PBXResourcesBuildPhase;
			buildActionMask = 2147483647;
			files = (
				CD484DD21A204DD200702357 /* Main.storyboard in Resources */,
				CD484DD71A204DD200702357 /* LaunchScreen.xib in Resources */,
				CD484DD41A204DD200702357 /* Images.xcassets in Resources */,
			);
			runOnlyForDeploymentPostprocessing = 0;
		};
		CD484DDA1A204DD200702357 /* Resources */ = {
			isa = PBXResourcesBuildPhase;
			buildActionMask = 2147483647;
			files = (
			);
			runOnlyForDeploymentPostprocessing = 0;
		};
/* End PBXResourcesBuildPhase section */

/* Begin PBXSourcesBuildPhase section */
		CD484DC01A204DD200702357 /* Sources */ = {
			isa = PBXSourcesBuildPhase;
			buildActionMask = 2147483647;
			files = (
				CD044F8D1A2AD47F00EFE5EA /* AlertManager.swift in Sources */,
				CD785C621AB8256D0061F016 /* Accounttypes.swift in Sources */,
				CD484DED1A2066C600702357 /* LoginViewController.swift in Sources */,
				CDE3F40C1A2461AE00EBAC2D /* DataManager.swift in Sources */,
				CDB286371AB598C900DE4A43 /* DVSync.swift in Sources */,
				CD044F911A2AE79400EFE5EA /* NavigationViewController.swift in Sources */,
				CDF9BA6A1AAF01C6002D97D8 /* DVDateFormatter.swift in Sources */,
				CDE3F40E1A246A3400EBAC2D /* UIActivityView.swift in Sources */,
				CD4C78511A2C70B000C7260C /* AccountTypesTableViewController.swift in Sources */,
				CD4C78851A2C841B00C7260C /* ACTypeAddViewController.swift in Sources */,
				CD4C78831A2C7F6900C7260C /* ACTypesViewController.swift in Sources */,
				CDA4A5DB1AC7FADF00E3C834 /* AccountAddViewController.swift in Sources */,
				CD2701FD1AC7DA5F00CF4244 /* AccountsListTableViewController.swift in Sources */,
				CDCACFCC1A2DDBCB0071CD4F /* SideBarTableViewController.swift in Sources */,
				CD484DCD1A204DD200702357 /* MyLedger.xcdatamodeld in Sources */,
				CD06A7441AC68E9800E5E62D /* AccountNavigationController.swift in Sources */,
				CD044F8F1A2ADEF100EFE5EA /* SignUpViewController.swift in Sources */,
				CD06A7411AC6732200E5E62D /* Accounts.swift in Sources */,
				CDDC0BA31AAD70CA00239B2C /* CoreDataHelper.swift in Sources */,
				CD6A71D41AC693440031A306 /* AccountsTableViewController.swift in Sources */,
				CDCACFCB1A2DDBCB0071CD4F /* SideBar.swift in Sources */,
				CDE3F40A1A245FF100EBAC2D /* SwiftyJSON.swift in Sources */,
				CD484DCA1A204DD200702357 /* AppDelegate.swift in Sources */,
				CD4C784D1A2C3F1B00C7260C /* MainViewController.swift in Sources */,
				CDEFD3201A2D901200A51C74 /* ACTypesListTableViewController.swift in Sources */,
			);
			runOnlyForDeploymentPostprocessing = 0;
		};
		CD484DD81A204DD200702357 /* Sources */ = {
			isa = PBXSourcesBuildPhase;
			buildActionMask = 2147483647;
			files = (
				CD484DE31A204DD200702357 /* MyLedgerTests.swift in Sources */,
			);
			runOnlyForDeploymentPostprocessing = 0;
		};
/* End PBXSourcesBuildPhase section */

/* Begin PBXTargetDependency section */
		CD484DDE1A204DD200702357 /* PBXTargetDependency */ = {
			isa = PBXTargetDependency;
			target = CD484DC31A204DD200702357 /* MyLedger */;
			targetProxy = CD484DDD1A204DD200702357 /* PBXContainerItemProxy */;
		};
/* End PBXTargetDependency section */

/* Begin PBXVariantGroup section */
		CD484DD01A204DD200702357 /* Main.storyboard */ = {
			isa = PBXVariantGroup;
			children = (
				CD484DD11A204DD200702357 /* Base */,
			);
			name = Main.storyboard;
			sourceTree = "<group>";
		};
		CD484DD51A204DD200702357 /* LaunchScreen.xib */ = {
			isa = PBXVariantGroup;
			children = (
				CD484DD61A204DD200702357 /* Base */,
			);
			name = LaunchScreen.xib;
			sourceTree = "<group>";
		};
/* End PBXVariantGroup section */

/* Begin XCBuildConfiguration section */
		CD484DE41A204DD200702357 /* Debug */ = {
			isa = XCBuildConfiguration;
			buildSettings = {
				ALWAYS_SEARCH_USER_PATHS = NO;
				CLANG_CXX_LANGUAGE_STANDARD = "gnu++0x";
				CLANG_CXX_LIBRARY = "libc++";
				CLANG_ENABLE_MODULES = YES;
				CLANG_ENABLE_OBJC_ARC = YES;
				CLANG_WARN_BOOL_CONVERSION = YES;
				CLANG_WARN_CONSTANT_CONVERSION = YES;
				CLANG_WARN_DIRECT_OBJC_ISA_USAGE = YES_ERROR;
				CLANG_WARN_EMPTY_BODY = YES;
				CLANG_WARN_ENUM_CONVERSION = YES;
				CLANG_WARN_INT_CONVERSION = YES;
				CLANG_WARN_OBJC_ROOT_CLASS = YES_ERROR;
				CLANG_WARN_UNREACHABLE_CODE = YES;
				CLANG_WARN__DUPLICATE_METHOD_MATCH = YES;
				"CODE_SIGN_IDENTITY[sdk=iphoneos*]" = "iPhone Developer";
				COPY_PHASE_STRIP = NO;
				ENABLE_STRICT_OBJC_MSGSEND = YES;
				GCC_C_LANGUAGE_STANDARD = gnu99;
				GCC_DYNAMIC_NO_PIC = NO;
				GCC_OPTIMIZATION_LEVEL = 0;
				GCC_PREPROCESSOR_DEFINITIONS = (
					"DEBUG=1",
					"$(inherited)",
				);
				GCC_SYMBOLS_PRIVATE_EXTERN = NO;
				GCC_WARN_64_TO_32_BIT_CONVERSION = YES;
				GCC_WARN_ABOUT_RETURN_TYPE = YES_ERROR;
				GCC_WARN_UNDECLARED_SELECTOR = YES;
				GCC_WARN_UNINITIALIZED_AUTOS = YES_AGGRESSIVE;
				GCC_WARN_UNUSED_FUNCTION = YES;
				GCC_WARN_UNUSED_VARIABLE = YES;
				IPHONEOS_DEPLOYMENT_TARGET = 8.1;
				MTL_ENABLE_DEBUG_INFO = YES;
				ONLY_ACTIVE_ARCH = YES;
				SDKROOT = iphoneos;
				SWIFT_OPTIMIZATION_LEVEL = "-Onone";
				TARGETED_DEVICE_FAMILY = "1,2";
			};
			name = Debug;
		};
		CD484DE51A204DD200702357 /* Release */ = {
			isa = XCBuildConfiguration;
			buildSettings = {
				ALWAYS_SEARCH_USER_PATHS = NO;
				CLANG_CXX_LANGUAGE_STANDARD = "gnu++0x";
				CLANG_CXX_LIBRARY = "libc++";
				CLANG_ENABLE_MODULES = YES;
				CLANG_ENABLE_OBJC_ARC = YES;
				CLANG_WARN_BOOL_CONVERSION = YES;
				CLANG_WARN_CONSTANT_CONVERSION = YES;
				CLANG_WARN_DIRECT_OBJC_ISA_USAGE = YES_ERROR;
				CLANG_WARN_EMPTY_BODY = YES;
				CLANG_WARN_ENUM_CONVERSION = YES;
				CLANG_WARN_INT_CONVERSION = YES;
				CLANG_WARN_OBJC_ROOT_CLASS = YES_ERROR;
				CLANG_WARN_UNREACHABLE_CODE = YES;
				CLANG_WARN__DUPLICATE_METHOD_MATCH = YES;
				"CODE_SIGN_IDENTITY[sdk=iphoneos*]" = "iPhone Developer";
				COPY_PHASE_STRIP = YES;
				ENABLE_NS_ASSERTIONS = NO;
				ENABLE_STRICT_OBJC_MSGSEND = YES;
				GCC_C_LANGUAGE_STANDARD = gnu99;
				GCC_WARN_64_TO_32_BIT_CONVERSION = YES;
				GCC_WARN_ABOUT_RETURN_TYPE = YES_ERROR;
				GCC_WARN_UNDECLARED_SELECTOR = YES;
				GCC_WARN_UNINITIALIZED_AUTOS = YES_AGGRESSIVE;
				GCC_WARN_UNUSED_FUNCTION = YES;
				GCC_WARN_UNUSED_VARIABLE = YES;
				IPHONEOS_DEPLOYMENT_TARGET = 8.1;
				MTL_ENABLE_DEBUG_INFO = NO;
				SDKROOT = iphoneos;
				TARGETED_DEVICE_FAMILY = "1,2";
				VALIDATE_PRODUCT = YES;
			};
			name = Release;
		};
		CD484DE71A204DD200702357 /* Debug */ = {
			isa = XCBuildConfiguration;
			buildSettings = {
				ASSETCATALOG_COMPILER_APPICON_NAME = AppIcon;
				CODE_SIGN_IDENTITY = "iPhone Developer";
				INFOPLIST_FILE = MyLedger/Info.plist;
				IPHONEOS_DEPLOYMENT_TARGET = 7.1;
				LD_RUNPATH_SEARCH_PATHS = "$(inherited) @executable_path/Frameworks";
				PRODUCT_NAME = "$(TARGET_NAME)";
			};
			name = Debug;
		};
		CD484DE81A204DD200702357 /* Release */ = {
			isa = XCBuildConfiguration;
			buildSettings = {
				ASSETCATALOG_COMPILER_APPICON_NAME = AppIcon;
				CODE_SIGN_IDENTITY = "iPhone Developer";
				INFOPLIST_FILE = MyLedger/Info.plist;
				IPHONEOS_DEPLOYMENT_TARGET = 7.1;
				LD_RUNPATH_SEARCH_PATHS = "$(inherited) @executable_path/Frameworks";
				PRODUCT_NAME = "$(TARGET_NAME)";
			};
			name = Release;
		};
		CD484DEA1A204DD200702357 /* Debug */ = {
			isa = XCBuildConfiguration;
			buildSettings = {
				BUNDLE_LOADER = "$(TEST_HOST)";
				FRAMEWORK_SEARCH_PATHS = (
					"$(SDKROOT)/Developer/Library/Frameworks",
					"$(inherited)",
				);
				GCC_PREPROCESSOR_DEFINITIONS = (
					"DEBUG=1",
					"$(inherited)",
				);
				INFOPLIST_FILE = MyLedgerTests/Info.plist;
				LD_RUNPATH_SEARCH_PATHS = "$(inherited) @executable_path/Frameworks @loader_path/Frameworks";
				PRODUCT_NAME = "$(TARGET_NAME)";
				TEST_HOST = "$(BUILT_PRODUCTS_DIR)/MyLedger.app/MyLedger";
			};
			name = Debug;
		};
		CD484DEB1A204DD200702357 /* Release */ = {
			isa = XCBuildConfiguration;
			buildSettings = {
				BUNDLE_LOADER = "$(TEST_HOST)";
				FRAMEWORK_SEARCH_PATHS = (
					"$(SDKROOT)/Developer/Library/Frameworks",
					"$(inherited)",
				);
				INFOPLIST_FILE = MyLedgerTests/Info.plist;
				LD_RUNPATH_SEARCH_PATHS = "$(inherited) @executable_path/Frameworks @loader_path/Frameworks";
				PRODUCT_NAME = "$(TARGET_NAME)";
				TEST_HOST = "$(BUILT_PRODUCTS_DIR)/MyLedger.app/MyLedger";
			};
			name = Release;
		};
/* End XCBuildConfiguration section */

/* Begin XCConfigurationList section */
		CD484DBF1A204DD200702357 /* Build configuration list for PBXProject "MyLedger" */ = {
			isa = XCConfigurationList;
			buildConfigurations = (
				CD484DE41A204DD200702357 /* Debug */,
				CD484DE51A204DD200702357 /* Release */,
			);
			defaultConfigurationIsVisible = 0;
			defaultConfigurationName = Release;
		};
		CD484DE61A204DD200702357 /* Build configuration list for PBXNativeTarget "MyLedger" */ = {
			isa = XCConfigurationList;
			buildConfigurations = (
				CD484DE71A204DD200702357 /* Debug */,
				CD484DE81A204DD200702357 /* Release */,
			);
			defaultConfigurationIsVisible = 0;
			defaultConfigurationName = Release;
		};
		CD484DE91A204DD200702357 /* Build configuration list for PBXNativeTarget "MyLedgerTests" */ = {
			isa = XCConfigurationList;
			buildConfigurations = (
				CD484DEA1A204DD200702357 /* Debug */,
				CD484DEB1A204DD200702357 /* Release */,
			);
			defaultConfigurationIsVisible = 0;
			defaultConfigurationName = Release;
		};
/* End XCConfigurationList section */

/* Begin XCVersionGroup section */
		CD484DCB1A204DD200702357 /* MyLedger.xcdatamodeld */ = {
			isa = XCVersionGroup;
			children = (
				CD484DCC1A204DD200702357 /* MyLedger.xcdatamodel */,
			);
			currentVersion = CD484DCC1A204DD200702357 /* MyLedger.xcdatamodel */;
			path = MyLedger.xcdatamodeld;
			sourceTree = "<group>";
			versionGroupType = wrapper.xcdatamodel;
		};
/* End XCVersionGroup section */
	};
	rootObject = CD484DBC1A204DD200702357 /* Project object */;
}
